
Microsoft Visual Studio Solution File, Format Version 12.00
Project("{FAE04EC0-301F-11D3-BF4B-00C04F79EFBC}") = "octo", "octo\octo.csproj", "{C56EF44B-3AD5-4D4C-A513-726DA8A0E225}"
EndProject
Project("{FAE04EC0-301F-11D3-BF4B-00C04F79EFBC}") = "octo.Tests", "octo.Tests\octo.Tests.csproj", "{72E3A16E-7020-4EE0-95D4-FB8FA027ED12}"
EndProject
Global
	GlobalSection(SolutionConfigurationPlatforms) = preSolution
		Debug|Any CPU = Debug|Any CPU
		Debug|x64 = Debug|x64
		Debug|x86 = Debug|x86
		Release|Any CPU = Release|Any CPU
		Release|x64 = Release|x64
		Release|x86 = Release|x86
	EndGlobalSection
	GlobalSection(ProjectConfigurationPlatforms) = postSolution
		{C56EF44B-3AD5-4D4C-A513-726DA8A0E225}.Debug|Any CPU.ActiveCfg = Debug|Any CPU
		{C56EF44B-3AD5-4D4C-A513-726DA8A0E225}.Debug|Any CPU.Build.0 = Debug|Any CPU
		{C56EF44B-3AD5-4D4C-A513-726DA8A0E225}.Debug|x64.ActiveCfg = Debug|Any CPU
		{C56EF44B-3AD5-4D4C-A513-726DA8A0E225}.Debug|x64.Build.0 = Debug|Any CPU
		{C56EF44B-3AD5-4D4C-A513-726DA8A0E225}.Debug|x86.ActiveCfg = Debug|Any CPU
		{C56EF44B-3AD5-4D4C-A513-726DA8A0E225}.Debug|x86.Build.0 = Debug|Any CPU
		{C56EF44B-3AD5-4D4C-A513-726DA8A0E225}.Release|Any CPU.ActiveCfg = Release|Any CPU
		{C56EF44B-3AD5-4D4C-A513-726DA8A0E225}.Release|Any CPU.Build.0 = Release|Any CPU
		{C56EF44B-3AD5-4D4C-A513-726DA8A0E225}.Release|x64.ActiveCfg = Release|Any CPU
		{C56EF44B-3AD5-4D4C-A513-726DA8A0E225}.Release|x64.Build.0 = Release|Any CPU
		{C56EF44B-3AD5-4D4C-A513-726DA8A0E225}.Release|x86.ActiveCfg = Release|Any CPU
		{C56EF44B-3AD5-4D4C-A513-726DA8A0E225}.Release|x86.Build.0 = Release|Any CPU
		{72E3A16E-7020-4EE0-95D4-FB8FA027ED12}.Debug|Any CPU.ActiveCfg = Debug|Any CPU
		{72E3A16E-7020-4EE0-95D4-FB8FA027ED12}.Debug|Any CPU.Build.0 = Debug|Any CPU
		{72E3A16E-7020-4EE0-95D4-FB8FA027ED12}.Debug|x64.ActiveCfg = Debug|Any CPU
		{72E3A16E-7020-4EE0-95D4-FB8FA027ED12}.Debug|x64.Build.0 = Debug|Any CPU
		{72E3A16E-7020-4EE0-95D4-FB8FA027ED12}.Debug|x86.ActiveCfg = Debug|Any CPU
		{72E3A16E-7020-4EE0-95D4-FB8FA027ED12}.Debug|x86.Build.0 = Debug|Any CPU
		{72E3A16E-7020-4EE0-95D4-FB8FA027ED12}.Release|Any CPU.ActiveCfg = Release|Any CPU
		{72E3A16E-7020-4EE0-95D4-FB8FA027ED12}.Release|Any CPU.Build.0 = Release|Any CPU
		{72E3A16E-7020-4EE0-95D4-FB8FA027ED12}.Release|x64.ActiveCfg = Release|Any CPU
		{72E3A16E-7020-4EE0-95D4-FB8FA027ED12}.Release|x64.Build.0 = Release|Any CPU
		{72E3A16E-7020-4EE0-95D4-FB8FA027ED12}.Release|x86.ActiveCfg = Release|Any CPU
		{72E3A16E-7020-4EE0-95D4-FB8FA027ED12}.Release|x86.Build.0 = Release|Any CPU
	EndGlobalSection
	GlobalSection(SolutionProperties) = preSolution
		HideSolutionNode = FALSE
	EndGlobalSection
EndGlobal
